<?xml version="1.0" encoding="utf-8"?>
<Project ToolsVersion="4.0" xmlns="http://schemas.microsoft.com/developer/msbuild/2003">
  <ItemGroup>
    <Filter Include="Source Files">
      <UniqueIdentifier>{4FC737F1-C7A5-4376-A066-2A32D752A2FF}</UniqueIdentifier>
      <Extensions>cpp;c;cc;cxx;def;odl;idl;hpj;bat;asm;asmx</Extensions>
    </Filter>
    <Filter Include="Header Files">
      <UniqueIdentifier>{93995380-89BD-4b04-88EB-625FBE52EBFB}</UniqueIdentifier>
      <Extensions>h;hh;hpp;hxx;hm;inl;inc;xsd</Extensions>
    </Filter>
    <Filter Include="Resource Files">
      <UniqueIdentifier>{67DA6AB6-F800-4c08-8B7A-83BB121AAD01}</UniqueIdentifier>
      <Extensions>rc;ico;cur;bmp;dlg;rc2;rct;bin;rgs;gif;jpg;jpeg;jpe;resx;tiff;tif;png;wav</Extensions>
    </Filter>
  </ItemGroup>
  <ItemGroup>
    <ClCompile Include="src\body.cpp">
      <Filter>Source Files</Filter>
    </ClCompile>
    <ClCompile Include="src\collide_coarse.cpp">
      <Filter>Source Files</Filter>
    </ClCompile>
    <ClCompile Include="src\collide_fine.cpp">
      <Filter>Source Files</Filter>
    </ClCompile>
    <ClCompile Include="src\contacts.cpp">
      <Filter>Source Files</Filter>
    </ClCompile>
    <ClCompile Include="src\core.cpp">
      <Filter>Source Files</Filter>
    </ClCompile>
    <ClCompile Include="src\fgen.cpp">
      <Filter>Source Files</Filter>
    </ClCompile>
    <ClCompile Include="src\joints.cpp">
      <Filter>Source Files</Filter>
    </ClCompile>
    <ClCompile Include="src\particle.cpp">
      <Filter>Source Files</Filter>
    </ClCompile>
    <ClCompile Include="src\pcontacts.cpp">
      <Filter>Source Files</Filter>
    </ClCompile>
    <ClCompile Include="src\pfgen.cpp">
      <Filter>Source Files</Filter>
    </ClCompile>
    <ClCompile Include="src\plinks.cpp">
      <Filter>Source Files</Filter>
    </ClCompile>
    <ClCompile Include="src\pworld.cpp">
      <Filter>Source Files</Filter>
    </ClCompile>
    <ClCompile Include="src\random.cpp">
      <Filter>Source Files</Filter>
    </ClCompile>
    <ClCompile Include="src\world.cpp">
      <Filter>Source Files</Filter>
    </ClCompile>
    <ClCompile Include="src\demos\app.cpp">
      <Filter>Source Files</Filter>
    </ClCompile>
    <ClCompile Include="src\demos\main.cpp">
      <Filter>Source Files</Filter>
    </ClCompile>
    <ClCompile Include="src\demos\timing.cpp">
      <Filter>Source Files</Filter>
    </ClCompile>
    <ClCompile Include="src\demos\ballistic\ballistic.cpp">
      <Filter>Source Files</Filter>
    </ClCompile>
    <ClCompile Include="src\demos\bigballistic\bigballistic.cpp">
      <Filter>Source Files</Filter>
    </ClCompile>
    <ClCompile Include="src\demos\blob\blob.cpp">
      <Filter>Source Files</Filter>
    </ClCompile>
    <ClCompile Include="src\demos\bridge\bridge.cpp">
      <Filter>Source Files</Filter>
    </ClCompile>
    <ClCompile Include="src\demos\explosion\explosion.cpp">
      <Filter>Source Files</Filter>
    </ClCompile>
    <ClCompile Include="src\demos\fireworks\fireworks.cpp">
      <Filter>Source Files</Filter>
    </ClCompile>
    <ClCompile Include="src\demos\flightsim\flightsim.cpp">
      <Filter>Source Files</Filter>
    </ClCompile>
    <ClCompile Include="src\demos\fracture\fracture.cpp">
      <Filter>Source Files</Filter>
    </ClCompile>
    <ClCompile Include="src\demos\platform\platform.cpp">
      <Filter>Source Files</Filter>
    </ClCompile>
    <ClCompile Include="src\demos\ragdoll\ragdoll.cpp">
      <Filter>Source Files</Filter>
    </ClCompile>
    <ClCompile Include="src\demos\sailboat\sailboat.cpp">
      <Filter>Source Files</Filter>
    </ClCompile>
  </ItemGroup>
  <ItemGroup>
    <ClInclude Include="include\cyclone\body.h">
      <Filter>Header Files</Filter>
    </ClInclude>
    <ClInclude Include="include\cyclone\collide_coarse.h">
      <Filter>Header Files</Filter>
    </ClInclude>
    <ClInclude Include="include\cyclone\collide_fine.h">
      <Filter>Header Files</Filter>
    </ClInclude>
    <ClInclude Include="include\cyclone\contacts.h">
      <Filter>Header Files</Filter>
    </ClInclude>
    <ClInclude Include="include\cyclone\core.h">
      <Filter>Header Files</Filter>
    </ClInclude>
    <ClInclude Include="include\cyclone\cyclone.h">
      <Filter>Header Files</Filter>
    </ClInclude>
    <ClInclude Include="include\cyclone\fgen.h">
      <Filter>Header Files</Filter>
    </ClInclude>
    <ClInclude Include="include\cyclone\joints.h">
      <Filter>Header Files</Filter>
    </ClInclude>
    <ClInclude Include="include\cyclone\particle.h">
      <Filter>Header Files</Filter>
    </ClInclude>
    <ClInclude Include="include\cyclone\pcontacts.h">
      <Filter>Header Files</Filter>
    </ClInclude>
    <ClInclude Include="include\cyclone\pfgen.h">
      <Filter>Header Files</Filter>
    </ClInclude>
    <ClInclude Include="include\cyclone\plinks.h">
      <Filter>Header Files</Filter>
    </ClInclude>
    <ClInclude Include="include\cyclone\precision.h">
      <Filter>Header Files</Filter>
    </ClInclude>
    <ClInclude Include="include\cyclone\pworld.h">
      <Filter>Header Files</Filter>
    </ClInclude>
    <ClInclude Include="include\cyclone\random.h">
      <Filter>Header Files</Filter>
    </ClInclude>
    <ClInclude Include="include\cyclone\world.h">
      <Filter>Header Files</Filter>
    </ClInclude>
    <ClInclude Include="include\gl\glut.h">
      <Filter>Header Files</Filter>
    </ClInclude>
    <ClInclude Include="src\demos\app.h">
      <Filter>Header Files</Filter>
    </ClInclude>
    <ClInclude Include="src\demos\ogl_headers.h">
      <Filter>Header Files</Filter>
    </ClInclude>
    <ClInclude Include="src\demos\timing.h">
      <Filter>Header Files</Filter>
    </ClInclude>
  </ItemGroup>
</Project>